
Microsoft Visual Studio Solution File, Format Version 12.00
# Visual Studio Version 17
VisualStudioVersion = 17.7.34031.279
MinimumVisualStudioVersion = 10.0.40219.1
Project("{2150E333-8FDC-42A3-9474-1A3956D46DE8}") = "Api Consume", "Api Consume", "{8BD8C1BE-6BAD-4807-ACC3-8F63CC07CCE1}"
EndProject
Project("{2150E333-8FDC-42A3-9474-1A3956D46DE8}") = "ToDoList", "ToDoList", "{6A3B547A-C155-4856-8432-EC22DCA31751}"
	ProjectSection(SolutionItems) = preProject
		Adımlar.txt = Adımlar.txt
	EndProjectSection
EndProject
Project("{2150E333-8FDC-42A3-9474-1A3956D46DE8}") = "Frontend", "Frontend", "{2BD6F7FD-AA62-4EB2-BFE0-C8C3ED5EE120}"
EndProject
Project("{9A19103F-16F7-4668-BE54-9A1E7A4F7556}") = "HotelProject.WebApi", "HotelProject.WebApi\HotelProject.WebApi.csproj", "{111CE12A-1BD3-4B10-B03E-660173438257}"
EndProject
Project("{9A19103F-16F7-4668-BE54-9A1E7A4F7556}") = "HotelProject.EntityLayer", "ApiConsume\HotelProject.EntityLayer\HotelProject.EntityLayer.csproj", "{699048E3-10B1-4993-950C-562B32832216}"
EndProject
Project("{9A19103F-16F7-4668-BE54-9A1E7A4F7556}") = "HotelProject.DataAccessLayer", "ApiConsume\HotelProject.DataAccessLayer\HotelProject.DataAccessLayer.csproj", "{55264380-962C-4EDE-92CD-5E4DFD862D19}"
EndProject
Project("{9A19103F-16F7-4668-BE54-9A1E7A4F7556}") = "HotelProject.BusinessLayer", "ApiConsume\HotelProject.BusinessLayer\HotelProject.BusinessLayer.csproj", "{32C4F41E-1446-4AF2-B768-A66CB33CF343}"
EndProject
Project("{9A19103F-16F7-4668-BE54-9A1E7A4F7556}") = "HotelProject.DtoLayer", "ApiConsume\HotelProject.DtoLayer\HotelProject.DtoLayer.csproj", "{56C6C7AE-085A-4B8C-8D31-0C07F2BA5B77}"
EndProject
Project("{9A19103F-16F7-4668-BE54-9A1E7A4F7556}") = "HotelProject.WebUI", "Frontend\HotelProject.WebUI\HotelProject.WebUI.csproj", "{F6C9117D-967E-49D3-9660-ECEE8BB52686}"
EndProject
Project("{2150E333-8FDC-42A3-9474-1A3956D46DE8}") = "RapidApi", "RapidApi", "{D217ECE0-F51C-452C-A15E-07E70B7B31E2}"
EndProject
Project("{9A19103F-16F7-4668-BE54-9A1E7A4F7556}") = "RapidApiConsume", "RapidApi\RapidApiConsume\RapidApiConsume.csproj", "{347B460C-3337-4882-A604-AF1B50AA860B}"
EndProject
Project("{2150E333-8FDC-42A3-9474-1A3956D46DE8}") = "JwtProject", "JwtProject", "{108538CB-2DAC-4E31-8BFC-A89BCB65C960}"
EndProject
Project("{FAE04EC0-301F-11D3-BF4B-00C04F79EFBC}") = "WebApiJwt", "JwtProject\WebApiJwt\WebApiJwt.csproj", "{BDD8BBCA-2787-44FC-8AFC-356EE1741D9B}"
EndProject
Global
	GlobalSection(SolutionConfigurationPlatforms) = preSolution
		Debug|Any CPU = Debug|Any CPU
		Release|Any CPU = Release|Any CPU
	EndGlobalSection
	GlobalSection(ProjectConfigurationPlatforms) = postSolution
		{111CE12A-1BD3-4B10-B03E-660173438257}.Debug|Any CPU.ActiveCfg = Debug|Any CPU
		{111CE12A-1BD3-4B10-B03E-660173438257}.Debug|Any CPU.Build.0 = Debug|Any CPU
		{111CE12A-1BD3-4B10-B03E-660173438257}.Release|Any CPU.ActiveCfg = Release|Any CPU
		{111CE12A-1BD3-4B10-B03E-660173438257}.Release|Any CPU.Build.0 = Release|Any CPU
		{699048E3-10B1-4993-950C-562B32832216}.Debug|Any CPU.ActiveCfg = Debug|Any CPU
		{699048E3-10B1-4993-950C-562B32832216}.Debug|Any CPU.Build.0 = Debug|Any CPU
		{699048E3-10B1-4993-950C-562B32832216}.Release|Any CPU.ActiveCfg = Release|Any CPU
		{699048E3-10B1-4993-950C-562B32832216}.Release|Any CPU.Build.0 = Release|Any CPU
		{55264380-962C-4EDE-92CD-5E4DFD862D19}.Debug|Any CPU.ActiveCfg = Debug|Any CPU
		{55264380-962C-4EDE-92CD-5E4DFD862D19}.Debug|Any CPU.Build.0 = Debug|Any CPU
		{55264380-962C-4EDE-92CD-5E4DFD862D19}.Release|Any CPU.ActiveCfg = Release|Any CPU
		{55264380-962C-4EDE-92CD-5E4DFD862D19}.Release|Any CPU.Build.0 = Release|Any CPU
		{32C4F41E-1446-4AF2-B768-A66CB33CF343}.Debug|Any CPU.ActiveCfg = Debug|Any CPU
		{32C4F41E-1446-4AF2-B768-A66CB33CF343}.Debug|Any CPU.Build.0 = Debug|Any CPU
		{32C4F41E-1446-4AF2-B768-A66CB33CF343}.Release|Any CPU.ActiveCfg = Release|Any CPU
		{32C4F41E-1446-4AF2-B768-A66CB33CF343}.Release|Any CPU.Build.0 = Release|Any CPU
		{56C6C7AE-085A-4B8C-8D31-0C07F2BA5B77}.Debug|Any CPU.ActiveCfg = Debug|Any CPU
		{56C6C7AE-085A-4B8C-8D31-0C07F2BA5B77}.Debug|Any CPU.Build.0 = Debug|Any CPU
		{56C6C7AE-085A-4B8C-8D31-0C07F2BA5B77}.Release|Any CPU.ActiveCfg = Release|Any CPU
		{56C6C7AE-085A-4B8C-8D31-0C07F2BA5B77}.Release|Any CPU.Build.0 = Release|Any CPU
		{F6C9117D-967E-49D3-9660-ECEE8BB52686}.Debug|Any CPU.ActiveCfg = Debug|Any CPU
		{F6C9117D-967E-49D3-9660-ECEE8BB52686}.Debug|Any CPU.Build.0 = Debug|Any CPU
		{F6C9117D-967E-49D3-9660-ECEE8BB52686}.Release|Any CPU.ActiveCfg = Release|Any CPU
		{F6C9117D-967E-49D3-9660-ECEE8BB52686}.Release|Any CPU.Build.0 = Release|Any CPU
		{347B460C-3337-4882-A604-AF1B50AA860B}.Debug|Any CPU.ActiveCfg = Debug|Any CPU
		{347B460C-3337-4882-A604-AF1B50AA860B}.Debug|Any CPU.Build.0 = Debug|Any CPU
		{347B460C-3337-4882-A604-AF1B50AA860B}.Release|Any CPU.ActiveCfg = Release|Any CPU
		{347B460C-3337-4882-A604-AF1B50AA860B}.Release|Any CPU.Build.0 = Release|Any CPU
		{BDD8BBCA-2787-44FC-8AFC-356EE1741D9B}.Debug|Any CPU.ActiveCfg = Debug|Any CPU
		{BDD8BBCA-2787-44FC-8AFC-356EE1741D9B}.Debug|Any CPU.Build.0 = Debug|Any CPU
		{BDD8BBCA-2787-44FC-8AFC-356EE1741D9B}.Release|Any CPU.ActiveCfg = Release|Any CPU
		{BDD8BBCA-2787-44FC-8AFC-356EE1741D9B}.Release|Any CPU.Build.0 = Release|Any CPU
	EndGlobalSection
	GlobalSection(SolutionProperties) = preSolution
		HideSolutionNode = FALSE
	EndGlobalSection
	GlobalSection(NestedProjects) = preSolution
		{111CE12A-1BD3-4B10-B03E-660173438257} = {8BD8C1BE-6BAD-4807-ACC3-8F63CC07CCE1}
		{699048E3-10B1-4993-950C-562B32832216} = {8BD8C1BE-6BAD-4807-ACC3-8F63CC07CCE1}
		{55264380-962C-4EDE-92CD-5E4DFD862D19} = {8BD8C1BE-6BAD-4807-ACC3-8F63CC07CCE1}
		{32C4F41E-1446-4AF2-B768-A66CB33CF343} = {8BD8C1BE-6BAD-4807-ACC3-8F63CC07CCE1}
		{56C6C7AE-085A-4B8C-8D31-0C07F2BA5B77} = {8BD8C1BE-6BAD-4807-ACC3-8F63CC07CCE1}
		{F6C9117D-967E-49D3-9660-ECEE8BB52686} = {2BD6F7FD-AA62-4EB2-BFE0-C8C3ED5EE120}
		{347B460C-3337-4882-A604-AF1B50AA860B} = {D217ECE0-F51C-452C-A15E-07E70B7B31E2}
		{BDD8BBCA-2787-44FC-8AFC-356EE1741D9B} = {108538CB-2DAC-4E31-8BFC-A89BCB65C960}
	EndGlobalSection
	GlobalSection(ExtensibilityGlobals) = postSolution
		SolutionGuid = {B7A09DB8-F363-403E-929F-8AE1C1149BCA}
	EndGlobalSection
EndGlobal
